
Microsoft Visual Studio Solution File, Format Version 12.00
# Visual Studio Version 16
VisualStudioVersion = 16.0.30523.141
MinimumVisualStudioVersion = 10.0.40219.1
Project("{FAE04EC0-301F-11D3-BF4B-00C04F79EFBC}") = "Lab3", "Lab3\Lab3.csproj", "{E6B394C2-8BE3-45AC-A51B-92EF51917EA0}"
EndProject
Project("{FAE04EC0-301F-11D3-BF4B-00C04F79EFBC}") = "Lab4UnitTesting", "Lab4UnitTesting\Lab4UnitTesting.csproj", "{44B82B43-5DF7-4A13-A217-B56BFAAA004F}"
EndProject
Global
	GlobalSection(SolutionConfigurationPlatforms) = preSolution
		Debug|Any CPU = Debug|Any CPU
		Release|Any CPU = Release|Any CPU
	EndGlobalSection
	GlobalSection(ProjectConfigurationPlatforms) = postSolution
		{E6B394C2-8BE3-45AC-A51B-92EF51917EA0}.Debug|Any CPU.ActiveCfg = Debug|Any CPU
		{E6B394C2-8BE3-45AC-A51B-92EF51917EA0}.Debug|Any CPU.Build.0 = Debug|Any CPU
		{E6B394C2-8BE3-45AC-A51B-92EF51917EA0}.Release|Any CPU.ActiveCfg = Release|Any CPU
		{E6B394C2-8BE3-45AC-A51B-92EF51917EA0}.Release|Any CPU.Build.0 = Release|Any CPU
		{44B82B43-5DF7-4A13-A217-B56BFAAA004F}.Debug|Any CPU.ActiveCfg = Debug|Any CPU
		{44B82B43-5DF7-4A13-A217-B56BFAAA004F}.Debug|Any CPU.Build.0 = Debug|Any CPU
		{44B82B43-5DF7-4A13-A217-B56BFAAA004F}.Release|Any CPU.ActiveCfg = Release|Any CPU
		{44B82B43-5DF7-4A13-A217-B56BFAAA004F}.Release|Any CPU.Build.0 = Release|Any CPU
	EndGlobalSection
	GlobalSection(SolutionProperties) = preSolution
		HideSolutionNode = FALSE
	EndGlobalSection
	GlobalSection(ExtensibilityGlobals) = postSolution
		SolutionGuid = {8B5F97A9-78F6-4722-8261-39F5AF60931C}
	EndGlobalSection
EndGlobal
